// !$*UTF8*$!
{
	archiveVersion = 1;
	classes = {
	};
	objectVersion = 55;
	objects = {

/* Begin PBXBuildFile section */
		67874D7028D87B8700726F22 /* AppDelegate.swift in Sources */ = {isa = PBXBuildFile; fileRef = 67874D6F28D87B8700726F22 /* AppDelegate.swift */; };
		67874D7228D87B8700726F22 /* SceneDelegate.swift in Sources */ = {isa = PBXBuildFile; fileRef = 67874D7128D87B8700726F22 /* SceneDelegate.swift */; };
		67874D7428D87B8700726F22 /* HomeViewController.swift in Sources */ = {isa = PBXBuildFile; fileRef = 67874D7328D87B8700726F22 /* HomeViewController.swift */; };
		67874D7728D87B8700726F22 /* Home.storyboard in Resources */ = {isa = PBXBuildFile; fileRef = 67874D7528D87B8700726F22 /* Home.storyboard */; };
		67874D7928D87B8F00726F22 /* Assets.xcassets in Resources */ = {isa = PBXBuildFile; fileRef = 67874D7828D87B8F00726F22 /* Assets.xcassets */; };
		67874D7C28D87B8F00726F22 /* LaunchScreen.storyboard in Resources */ = {isa = PBXBuildFile; fileRef = 67874D7A28D87B8F00726F22 /* LaunchScreen.storyboard */; };
		67874D8728D87B9000726F22 /* NeversitupCodeTestTests.swift in Sources */ = {isa = PBXBuildFile; fileRef = 67874D8628D87B9000726F22 /* NeversitupCodeTestTests.swift */; };
		67874D9128D87B9000726F22 /* NeversitupCodeTestUITests.swift in Sources */ = {isa = PBXBuildFile; fileRef = 67874D9028D87B9000726F22 /* NeversitupCodeTestUITests.swift */; };
		67874D9328D87B9000726F22 /* NeversitupCodeTestUITestsLaunchTests.swift in Sources */ = {isa = PBXBuildFile; fileRef = 67874D9228D87B9000726F22 /* NeversitupCodeTestUITestsLaunchTests.swift */; };
		67874DA128D883C200726F22 /* Tabbar.storyboard in Resources */ = {isa = PBXBuildFile; fileRef = 67874D9F28D883C200726F22 /* Tabbar.storyboard */; };
		67874DA428D884B100726F22 /* ConvertView.storyboard in Resources */ = {isa = PBXBuildFile; fileRef = 67874DA228D884B100726F22 /* ConvertView.storyboard */; };
		67874DA628D887A000726F22 /* UIViewcontroller+Extensions.swift in Sources */ = {isa = PBXBuildFile; fileRef = 67874DA528D887A000726F22 /* UIViewcontroller+Extensions.swift */; };
		67874DA828D8885800726F22 /* TabbarViewController.swift in Sources */ = {isa = PBXBuildFile; fileRef = 67874DA728D8885800726F22 /* TabbarViewController.swift */; };
		67874DAC28D888EE00726F22 /* HistoryView.storyboard in Resources */ = {isa = PBXBuildFile; fileRef = 67874DAA28D888EE00726F22 /* HistoryView.storyboard */; };
		67874DAF28D8891000726F22 /* TabbarRouter.swift in Sources */ = {isa = PBXBuildFile; fileRef = 67874DAE28D8891000726F22 /* TabbarRouter.swift */; };
		67874DB128D8896500726F22 /* TabbarProtocols.swift in Sources */ = {isa = PBXBuildFile; fileRef = 67874DB028D8896500726F22 /* TabbarProtocols.swift */; };
		67874DB328D88A4300726F22 /* TabbarPresenter.swift in Sources */ = {isa = PBXBuildFile; fileRef = 67874DB228D88A4300726F22 /* TabbarPresenter.swift */; };
		67874DB528D88E8300726F22 /* HomeProtocols.swift in Sources */ = {isa = PBXBuildFile; fileRef = 67874DB428D88E8300726F22 /* HomeProtocols.swift */; };
		67874DB728D88E8A00726F22 /* HomePresenter.swift in Sources */ = {isa = PBXBuildFile; fileRef = 67874DB628D88E8A00726F22 /* HomePresenter.swift */; };
		67874DB928D88E9200726F22 /* HomeRouter.swift in Sources */ = {isa = PBXBuildFile; fileRef = 67874DB828D88E9200726F22 /* HomeRouter.swift */; };
		67874DBB28D88EB100726F22 /* HomeInteractor.swift in Sources */ = {isa = PBXBuildFile; fileRef = 67874DBA28D88EB100726F22 /* HomeInteractor.swift */; };
		67874DBD28D88ECA00726F22 /* HomeWebservice.swift in Sources */ = {isa = PBXBuildFile; fileRef = 67874DBC28D88ECA00726F22 /* HomeWebservice.swift */; };
		67874DBF28D88EFF00726F22 /* HomeLocalStorage.swift in Sources */ = {isa = PBXBuildFile; fileRef = 67874DBE28D88EFF00726F22 /* HomeLocalStorage.swift */; };
		67874DC128D88F1F00726F22 /* ConvertViewController.swift in Sources */ = {isa = PBXBuildFile; fileRef = 67874DC028D88F1F00726F22 /* ConvertViewController.swift */; };
		67874DC428D88F4E00726F22 /* HistoryViewController.swift in Sources */ = {isa = PBXBuildFile; fileRef = 67874DC328D88F4E00726F22 /* HistoryViewController.swift */; };
		67874DC828D8A5D700726F22 /* HomeListTableCell.swift in Sources */ = {isa = PBXBuildFile; fileRef = 67874DC728D8A5D700726F22 /* HomeListTableCell.swift */; };
		67874DCA28D8A5E800726F22 /* homeListTableCell.xib in Resources */ = {isa = PBXBuildFile; fileRef = 67874DC928D8A5E800726F22 /* homeListTableCell.xib */; };
		67874DCD28D8B32F00726F22 /* Alamofire in Frameworks */ = {isa = PBXBuildFile; productRef = 67874DCC28D8B32F00726F22 /* Alamofire */; };
		67874DD028D8B35700726F22 /* ObjectMapper in Frameworks */ = {isa = PBXBuildFile; productRef = 67874DCF28D8B35700726F22 /* ObjectMapper */; };
		67874DD228D8B88700726F22 /* CurrencyListModel.swift in Sources */ = {isa = PBXBuildFile; fileRef = 67874DD128D8B88700726F22 /* CurrencyListModel.swift */; };
		67CE069D28DC2387000BAFFA /* ConvertViewRouter.swift in Sources */ = {isa = PBXBuildFile; fileRef = 67CE069C28DC2387000BAFFA /* ConvertViewRouter.swift */; };
		67F80C7528D9716500C944AF /* Utility.swift in Sources */ = {isa = PBXBuildFile; fileRef = 67F80C7428D9716500C944AF /* Utility.swift */; };
		67F80C7728D9829500C944AF /* LocalStorageManager.swift in Sources */ = {isa = PBXBuildFile; fileRef = 67F80C7628D9829500C944AF /* LocalStorageManager.swift */; };
		67F80C7A28D9858700C944AF /* Realm in Frameworks */ = {isa = PBXBuildFile; productRef = 67F80C7928D9858700C944AF /* Realm */; };
		67F80C7C28D9858700C944AF /* RealmSwift in Frameworks */ = {isa = PBXBuildFile; productRef = 67F80C7B28D9858700C944AF /* RealmSwift */; };
		67F80C7E28D989CE00C944AF /* HistoryTablecell.swift in Sources */ = {isa = PBXBuildFile; fileRef = 67F80C7D28D989CD00C944AF /* HistoryTablecell.swift */; };
		67F80C8028D989DD00C944AF /* HistoryTableCell.xib in Resources */ = {isa = PBXBuildFile; fileRef = 67F80C7F28D989DD00C944AF /* HistoryTableCell.xib */; };
		67F80C8228D98D5900C944AF /* HistoryViewProtocols.swift in Sources */ = {isa = PBXBuildFile; fileRef = 67F80C8128D98D5900C944AF /* HistoryViewProtocols.swift */; };
		67F80C8428D98E5700C944AF /* HistoryRouter.swift in Sources */ = {isa = PBXBuildFile; fileRef = 67F80C8328D98E5700C944AF /* HistoryRouter.swift */; };
		67F80C8628D98E7300C944AF /* HistoryViewInteractor.swift in Sources */ = {isa = PBXBuildFile; fileRef = 67F80C8528D98E7300C944AF /* HistoryViewInteractor.swift */; };
		67F80C8828D98E7D00C944AF /* HistoryViewPresenter.swift in Sources */ = {isa = PBXBuildFile; fileRef = 67F80C8728D98E7D00C944AF /* HistoryViewPresenter.swift */; };
		67F80C8A28D98E8C00C944AF /* HistoryViewLocalstorage.swift in Sources */ = {isa = PBXBuildFile; fileRef = 67F80C8928D98E8C00C944AF /* HistoryViewLocalstorage.swift */; };
		67F80C8F28DA0A6B00C944AF /* UIView+Extensions.swift in Sources */ = {isa = PBXBuildFile; fileRef = 67F80C8E28DA0A6A00C944AF /* UIView+Extensions.swift */; };
		67F80C9128DA0B3600C944AF /* DateFormatterHelper.swift in Sources */ = {isa = PBXBuildFile; fileRef = 67F80C9028DA0B3500C944AF /* DateFormatterHelper.swift */; };
		67F80C9528DAD5EF00C944AF /* Constant.swift in Sources */ = {isa = PBXBuildFile; fileRef = 67F80C9428DAD5EE00C944AF /* Constant.swift */; };
/* End PBXBuildFile section */

/* Begin PBXContainerItemProxy section */
		67874D8328D87B9000726F22 /* PBXContainerItemProxy */ = {
			isa = PBXContainerItemProxy;
			containerPortal = 67874D6428D87B8700726F22 /* Project object */;
			proxyType = 1;
			remoteGlobalIDString = 67874D6B28D87B8700726F22;
			remoteInfo = NeversitupCodeTest;
		};
		67874D8D28D87B9000726F22 /* PBXContainerItemProxy */ = {
			isa = PBXContainerItemProxy;
			containerPortal = 67874D6428D87B8700726F22 /* Project object */;
			proxyType = 1;
			remoteGlobalIDString = 67874D6B28D87B8700726F22;
			remoteInfo = NeversitupCodeTest;
		};
/* End PBXContainerItemProxy section */

/* Begin PBXFileReference section */
		67874D6C28D87B8700726F22 /* NeversitupCodeTest.app */ = {isa = PBXFileReference; explicitFileType = wrapper.application; includeInIndex = 0; path = NeversitupCodeTest.app; sourceTree = BUILT_PRODUCTS_DIR; };
		67874D6F28D87B8700726F22 /* AppDelegate.swift */ = {isa = PBXFileReference; lastKnownFileType = sourcecode.swift; path = AppDelegate.swift; sourceTree = "<group>"; };
		67874D7128D87B8700726F22 /* SceneDelegate.swift */ = {isa = PBXFileReference; lastKnownFileType = sourcecode.swift; path = SceneDelegate.swift; sourceTree = "<group>"; };
		67874D7328D87B8700726F22 /* HomeViewController.swift */ = {isa = PBXFileReference; lastKnownFileType = sourcecode.swift; path = HomeViewController.swift; sourceTree = "<group>"; };
		67874D7628D87B8700726F22 /* Base */ = {isa = PBXFileReference; lastKnownFileType = file.storyboard; name = Base; path = Base.lproj/Home.storyboard; sourceTree = "<group>"; };
		67874D7828D87B8F00726F22 /* Assets.xcassets */ = {isa = PBXFileReference; lastKnownFileType = folder.assetcatalog; path = Assets.xcassets; sourceTree = "<group>"; };
		67874D7B28D87B8F00726F22 /* Base */ = {isa = PBXFileReference; lastKnownFileType = file.storyboard; name = Base; path = Base.lproj/LaunchScreen.storyboard; sourceTree = "<group>"; };
		67874D7D28D87B8F00726F22 /* Info.plist */ = {isa = PBXFileReference; lastKnownFileType = text.plist.xml; path = Info.plist; sourceTree = "<group>"; };
		67874D8228D87B9000726F22 /* NeversitupCodeTestTests.xctest */ = {isa = PBXFileReference; explicitFileType = wrapper.cfbundle; includeInIndex = 0; path = NeversitupCodeTestTests.xctest; sourceTree = BUILT_PRODUCTS_DIR; };
		67874D8628D87B9000726F22 /* NeversitupCodeTestTests.swift */ = {isa = PBXFileReference; lastKnownFileType = sourcecode.swift; path = NeversitupCodeTestTests.swift; sourceTree = "<group>"; };
		67874D8C28D87B9000726F22 /* NeversitupCodeTestUITests.xctest */ = {isa = PBXFileReference; explicitFileType = wrapper.cfbundle; includeInIndex = 0; path = NeversitupCodeTestUITests.xctest; sourceTree = BUILT_PRODUCTS_DIR; };
		67874D9028D87B9000726F22 /* NeversitupCodeTestUITests.swift */ = {isa = PBXFileReference; lastKnownFileType = sourcecode.swift; path = NeversitupCodeTestUITests.swift; sourceTree = "<group>"; };
		67874D9228D87B9000726F22 /* NeversitupCodeTestUITestsLaunchTests.swift */ = {isa = PBXFileReference; lastKnownFileType = sourcecode.swift; path = NeversitupCodeTestUITestsLaunchTests.swift; sourceTree = "<group>"; };
		67874DA028D883C200726F22 /* Base */ = {isa = PBXFileReference; lastKnownFileType = file.storyboard; name = Base; path = NeversitupCodeTest/Base.lproj/Tabbar.storyboard; sourceTree = "<group>"; };
		67874DA328D884B100726F22 /* Base */ = {isa = PBXFileReference; lastKnownFileType = file.storyboard; name = Base; path = NeversitupCodeTest/NeversitupCodeTest/Base.lproj/ConvertView.storyboard; sourceTree = "<group>"; };
		67874DA528D887A000726F22 /* UIViewcontroller+Extensions.swift */ = {isa = PBXFileReference; lastKnownFileType = sourcecode.swift; path = "UIViewcontroller+Extensions.swift"; sourceTree = "<group>"; };
		67874DA728D8885800726F22 /* TabbarViewController.swift */ = {isa = PBXFileReference; lastKnownFileType = sourcecode.swift; path = TabbarViewController.swift; sourceTree = "<group>"; };
		67874DAB28D888EE00726F22 /* Base */ = {isa = PBXFileReference; lastKnownFileType = file.storyboard; name = Base; path = NeversitupCodeTest/Tabbar/NeversitupCodeTest/Base.lproj/HistoryView.storyboard; sourceTree = "<group>"; };
		67874DAE28D8891000726F22 /* TabbarRouter.swift */ = {isa = PBXFileReference; lastKnownFileType = sourcecode.swift; path = TabbarRouter.swift; sourceTree = "<group>"; };
		67874DB028D8896500726F22 /* TabbarProtocols.swift */ = {isa = PBXFileReference; lastKnownFileType = sourcecode.swift; path = TabbarProtocols.swift; sourceTree = "<group>"; };
		67874DB228D88A4300726F22 /* TabbarPresenter.swift */ = {isa = PBXFileReference; lastKnownFileType = sourcecode.swift; path = TabbarPresenter.swift; sourceTree = "<group>"; };
		67874DB428D88E8300726F22 /* HomeProtocols.swift */ = {isa = PBXFileReference; lastKnownFileType = sourcecode.swift; path = HomeProtocols.swift; sourceTree = "<group>"; };
		67874DB628D88E8A00726F22 /* HomePresenter.swift */ = {isa = PBXFileReference; lastKnownFileType = sourcecode.swift; path = HomePresenter.swift; sourceTree = "<group>"; };
		67874DB828D88E9200726F22 /* HomeRouter.swift */ = {isa = PBXFileReference; lastKnownFileType = sourcecode.swift; path = HomeRouter.swift; sourceTree = "<group>"; };
		67874DBA28D88EB100726F22 /* HomeInteractor.swift */ = {isa = PBXFileReference; lastKnownFileType = sourcecode.swift; path = HomeInteractor.swift; sourceTree = "<group>"; };
		67874DBC28D88ECA00726F22 /* HomeWebservice.swift */ = {isa = PBXFileReference; lastKnownFileType = sourcecode.swift; path = HomeWebservice.swift; sourceTree = "<group>"; };
		67874DBE28D88EFF00726F22 /* HomeLocalStorage.swift */ = {isa = PBXFileReference; lastKnownFileType = sourcecode.swift; path = HomeLocalStorage.swift; sourceTree = "<group>"; };
		67874DC028D88F1F00726F22 /* ConvertViewController.swift */ = {isa = PBXFileReference; lastKnownFileType = sourcecode.swift; path = ConvertViewController.swift; sourceTree = "<group>"; };
		67874DC328D88F4E00726F22 /* HistoryViewController.swift */ = {isa = PBXFileReference; lastKnownFileType = sourcecode.swift; path = HistoryViewController.swift; sourceTree = "<group>"; };
		67874DC728D8A5D700726F22 /* HomeListTableCell.swift */ = {isa = PBXFileReference; lastKnownFileType = sourcecode.swift; path = HomeListTableCell.swift; sourceTree = "<group>"; };
		67874DC928D8A5E800726F22 /* homeListTableCell.xib */ = {isa = PBXFileReference; lastKnownFileType = file.xib; path = homeListTableCell.xib; sourceTree = "<group>"; };
		67874DD128D8B88700726F22 /* CurrencyListModel.swift */ = {isa = PBXFileReference; lastKnownFileType = sourcecode.swift; path = CurrencyListModel.swift; sourceTree = "<group>"; };
		67CE069C28DC2387000BAFFA /* ConvertViewRouter.swift */ = {isa = PBXFileReference; lastKnownFileType = sourcecode.swift; path = ConvertViewRouter.swift; sourceTree = "<group>"; };
		67F80C7428D9716500C944AF /* Utility.swift */ = {isa = PBXFileReference; lastKnownFileType = sourcecode.swift; path = Utility.swift; sourceTree = "<group>"; };
		67F80C7628D9829500C944AF /* LocalStorageManager.swift */ = {isa = PBXFileReference; lastKnownFileType = sourcecode.swift; path = LocalStorageManager.swift; sourceTree = "<group>"; };
		67F80C7D28D989CD00C944AF /* HistoryTablecell.swift */ = {isa = PBXFileReference; lastKnownFileType = sourcecode.swift; path = HistoryTablecell.swift; sourceTree = "<group>"; };
		67F80C7F28D989DD00C944AF /* HistoryTableCell.xib */ = {isa = PBXFileReference; lastKnownFileType = file.xib; path = HistoryTableCell.xib; sourceTree = "<group>"; };
		67F80C8128D98D5900C944AF /* HistoryViewProtocols.swift */ = {isa = PBXFileReference; lastKnownFileType = sourcecode.swift; path = HistoryViewProtocols.swift; sourceTree = "<group>"; };
		67F80C8328D98E5700C944AF /* HistoryRouter.swift */ = {isa = PBXFileReference; lastKnownFileType = sourcecode.swift; path = HistoryRouter.swift; sourceTree = "<group>"; };
		67F80C8528D98E7300C944AF /* HistoryViewInteractor.swift */ = {isa = PBXFileReference; lastKnownFileType = sourcecode.swift; path = HistoryViewInteractor.swift; sourceTree = "<group>"; };
		67F80C8728D98E7D00C944AF /* HistoryViewPresenter.swift */ = {isa = PBXFileReference; lastKnownFileType = sourcecode.swift; path = HistoryViewPresenter.swift; sourceTree = "<group>"; };
		67F80C8928D98E8C00C944AF /* HistoryViewLocalstorage.swift */ = {isa = PBXFileReference; lastKnownFileType = sourcecode.swift; path = HistoryViewLocalstorage.swift; sourceTree = "<group>"; };
		67F80C8E28DA0A6A00C944AF /* UIView+Extensions.swift */ = {isa = PBXFileReference; lastKnownFileType = sourcecode.swift; path = "UIView+Extensions.swift"; sourceTree = "<group>"; };
		67F80C9028DA0B3500C944AF /* DateFormatterHelper.swift */ = {isa = PBXFileReference; lastKnownFileType = sourcecode.swift; path = DateFormatterHelper.swift; sourceTree = "<group>"; };
		67F80C9428DAD5EE00C944AF /* Constant.swift */ = {isa = PBXFileReference; lastKnownFileType = sourcecode.swift; path = Constant.swift; sourceTree = "<group>"; };
/* End PBXFileReference section */

/* Begin PBXFrameworksBuildPhase section */
		67874D6928D87B8700726F22 /* Frameworks */ = {
			isa = PBXFrameworksBuildPhase;
			buildActionMask = 2147483647;
			files = (
				67F80C7C28D9858700C944AF /* RealmSwift in Frameworks */,
				67F80C7A28D9858700C944AF /* Realm in Frameworks */,
				67874DD028D8B35700726F22 /* ObjectMapper in Frameworks */,
				67874DCD28D8B32F00726F22 /* Alamofire in Frameworks */,
			);
			runOnlyForDeploymentPostprocessing = 0;
		};
		67874D7F28D87B9000726F22 /* Frameworks */ = {
			isa = PBXFrameworksBuildPhase;
			buildActionMask = 2147483647;
			files = (
			);
			runOnlyForDeploymentPostprocessing = 0;
		};
		67874D8928D87B9000726F22 /* Frameworks */ = {
			isa = PBXFrameworksBuildPhase;
			buildActionMask = 2147483647;
			files = (
			);
			runOnlyForDeploymentPostprocessing = 0;
		};
/* End PBXFrameworksBuildPhase section */

/* Begin PBXGroup section */
		67874D6328D87B8700726F22 = {
			isa = PBXGroup;
			children = (
				67874D6E28D87B8700726F22 /* NeversitupCodeTest */,
				67874D8528D87B9000726F22 /* NeversitupCodeTestTests */,
				67874D8F28D87B9000726F22 /* NeversitupCodeTestUITests */,
				67874D6D28D87B8700726F22 /* Products */,
			);
			sourceTree = "<group>";
		};
		67874D6D28D87B8700726F22 /* Products */ = {
			isa = PBXGroup;
			children = (
				67874D6C28D87B8700726F22 /* NeversitupCodeTest.app */,
				67874D8228D87B9000726F22 /* NeversitupCodeTestTests.xctest */,
				67874D8C28D87B9000726F22 /* NeversitupCodeTestUITests.xctest */,
			);
			name = Products;
			sourceTree = "<group>";
		};
		67874D6E28D87B8700726F22 /* NeversitupCodeTest */ = {
			isa = PBXGroup;
			children = (
				67874D6F28D87B8700726F22 /* AppDelegate.swift */,
				67874D7128D87B8700726F22 /* SceneDelegate.swift */,
				67F80C7428D9716500C944AF /* Utility.swift */,
				67F80C9428DAD5EE00C944AF /* Constant.swift */,
				67F80C9328DA262000C944AF /* DataLayer */,
				67F80C9228DA25FA00C944AF /* Extensions */,
				67F80C8C28D9B32700C944AF /* Entity */,
				67F80C8D28D9B34300C944AF /* CustomUI */,
				67874DC628D8A3C900726F22 /* Screen */,
				67874D7828D87B8F00726F22 /* Assets.xcassets */,
				67874D7A28D87B8F00726F22 /* LaunchScreen.storyboard */,
				67874D7D28D87B8F00726F22 /* Info.plist */,
			);
			path = NeversitupCodeTest;
			sourceTree = "<group>";
		};
		67874D8528D87B9000726F22 /* NeversitupCodeTestTests */ = {
			isa = PBXGroup;
			children = (
				67874D8628D87B9000726F22 /* NeversitupCodeTestTests.swift */,
			);
			path = NeversitupCodeTestTests;
			sourceTree = "<group>";
		};
		67874D8F28D87B9000726F22 /* NeversitupCodeTestUITests */ = {
			isa = PBXGroup;
			children = (
				67874D9028D87B9000726F22 /* NeversitupCodeTestUITests.swift */,
				67874D9228D87B9000726F22 /* NeversitupCodeTestUITestsLaunchTests.swift */,
			);
			path = NeversitupCodeTestUITests;
			sourceTree = "<group>";
		};
		67874DA928D8886100726F22 /* Tabbar */ = {
			isa = PBXGroup;
			children = (
				67874D9F28D883C200726F22 /* Tabbar.storyboard */,
				67874DA728D8885800726F22 /* TabbarViewController.swift */,
				67874DAE28D8891000726F22 /* TabbarRouter.swift */,
				67874DB228D88A4300726F22 /* TabbarPresenter.swift */,
				67874DB028D8896500726F22 /* TabbarProtocols.swift */,
			);
			path = Tabbar;
			sourceTree = "<group>";
		};
		67874DAD28D888FA00726F22 /* Home */ = {
			isa = PBXGroup;
			children = (
				67874D7328D87B8700726F22 /* HomeViewController.swift */,
				67874DB428D88E8300726F22 /* HomeProtocols.swift */,
				67874DB628D88E8A00726F22 /* HomePresenter.swift */,
				67874DB828D88E9200726F22 /* HomeRouter.swift */,
				67874DBA28D88EB100726F22 /* HomeInteractor.swift */,
				67874DBC28D88ECA00726F22 /* HomeWebservice.swift */,
				67874DBE28D88EFF00726F22 /* HomeLocalStorage.swift */,
				67874D7528D87B8700726F22 /* Home.storyboard */,
			);
			path = Home;
			sourceTree = "<group>";
		};
		67874DC228D88F2700726F22 /* Convert */ = {
			isa = PBXGroup;
			children = (
				67874DA228D884B100726F22 /* ConvertView.storyboard */,
				67874DC028D88F1F00726F22 /* ConvertViewController.swift */,
				67CE069C28DC2387000BAFFA /* ConvertViewRouter.swift */,
			);
			path = Convert;
			sourceTree = "<group>";
		};
		67874DC528D88F5500726F22 /* History */ = {
			isa = PBXGroup;
			children = (
				67874DAA28D888EE00726F22 /* HistoryView.storyboard */,
				67874DC328D88F4E00726F22 /* HistoryViewController.swift */,
				67F80C8128D98D5900C944AF /* HistoryViewProtocols.swift */,
				67F80C8328D98E5700C944AF /* HistoryRouter.swift */,
				67F80C8528D98E7300C944AF /* HistoryViewInteractor.swift */,
				67F80C8728D98E7D00C944AF /* HistoryViewPresenter.swift */,
				67F80C8928D98E8C00C944AF /* HistoryViewLocalstorage.swift */,
			);
			path = History;
			sourceTree = "<group>";
		};
		67874DC628D8A3C900726F22 /* Screen */ = {
			isa = PBXGroup;
			children = (
				67874DA928D8886100726F22 /* Tabbar */,
				67874DAD28D888FA00726F22 /* Home */,
				67874DC228D88F2700726F22 /* Convert */,
				67874DC528D88F5500726F22 /* History */,
			);
			path = Screen;
			sourceTree = "<group>";
		};
		67F80C7328D9714100C944AF /* HomeListTableCell */ = {
			isa = PBXGroup;
			children = (
				67874DC728D8A5D700726F22 /* HomeListTableCell.swift */,
				67874DC928D8A5E800726F22 /* homeListTableCell.xib */,
			);
			path = HomeListTableCell;
			sourceTree = "<group>";
		};
		67F80C8B28D9B2FE00C944AF /* HistoryTableCell */ = {
			isa = PBXGroup;
			children = (
				67F80C7D28D989CD00C944AF /* HistoryTablecell.swift */,
				67F80C7F28D989DD00C944AF /* HistoryTableCell.xib */,
			);
			path = HistoryTableCell;
			sourceTree = "<group>";
		};
		67F80C8C28D9B32700C944AF /* Entity */ = {
			isa = PBXGroup;
			children = (
				67874DD128D8B88700726F22 /* CurrencyListModel.swift */,
			);
			path = Entity;
			sourceTree = "<group>";
		};
		67F80C8D28D9B34300C944AF /* CustomUI */ = {
			isa = PBXGroup;
			children = (
				67F80C8B28D9B2FE00C944AF /* HistoryTableCell */,
				67F80C7328D9714100C944AF /* HomeListTableCell */,
			);
			path = CustomUI;
			sourceTree = "<group>";
		};
		67F80C9228DA25FA00C944AF /* Extensions */ = {
			isa = PBXGroup;
			children = (
				67874DA528D887A000726F22 /* UIViewcontroller+Extensions.swift */,
				67F80C8E28DA0A6A00C944AF /* UIView+Extensions.swift */,
				67F80C9028DA0B3500C944AF /* DateFormatterHelper.swift */,
			);
			path = Extensions;
			sourceTree = "<group>";
		};
		67F80C9328DA262000C944AF /* DataLayer */ = {
			isa = PBXGroup;
			children = (
				67F80C7628D9829500C944AF /* LocalStorageManager.swift */,
			);
			path = DataLayer;
			sourceTree = "<group>";
		};
/* End PBXGroup section */

/* Begin PBXNativeTarget section */
		67874D6B28D87B8700726F22 /* NeversitupCodeTest */ = {
			isa = PBXNativeTarget;
			buildConfigurationList = 67874D9628D87B9000726F22 /* Build configuration list for PBXNativeTarget "NeversitupCodeTest" */;
			buildPhases = (
				67874D6828D87B8700726F22 /* Sources */,
				67874D6928D87B8700726F22 /* Frameworks */,
				67874D6A28D87B8700726F22 /* Resources */,
			);
			buildRules = (
			);
			dependencies = (
			);
			name = NeversitupCodeTest;
			packageProductDependencies = (
				67874DCC28D8B32F00726F22 /* Alamofire */,
				67874DCF28D8B35700726F22 /* ObjectMapper */,
				67F80C7928D9858700C944AF /* Realm */,
				67F80C7B28D9858700C944AF /* RealmSwift */,
			);
			productName = NeversitupCodeTest;
			productReference = 67874D6C28D87B8700726F22 /* NeversitupCodeTest.app */;
			productType = "com.apple.product-type.application";
		};
		67874D8128D87B9000726F22 /* NeversitupCodeTestTests */ = {
			isa = PBXNativeTarget;
			buildConfigurationList = 67874D9928D87B9000726F22 /* Build configuration list for PBXNativeTarget "NeversitupCodeTestTests" */;
			buildPhases = (
				67874D7E28D87B9000726F22 /* Sources */,
				67874D7F28D87B9000726F22 /* Frameworks */,
				67874D8028D87B9000726F22 /* Resources */,
			);
			buildRules = (
			);
			dependencies = (
				67874D8428D87B9000726F22 /* PBXTargetDependency */,
			);
			name = NeversitupCodeTestTests;
			productName = NeversitupCodeTestTests;
			productReference = 67874D8228D87B9000726F22 /* NeversitupCodeTestTests.xctest */;
			productType = "com.apple.product-type.bundle.unit-test";
		};
		67874D8B28D87B9000726F22 /* NeversitupCodeTestUITests */ = {
			isa = PBXNativeTarget;
			buildConfigurationList = 67874D9C28D87B9000726F22 /* Build configuration list for PBXNativeTarget "NeversitupCodeTestUITests" */;
			buildPhases = (
				67874D8828D87B9000726F22 /* Sources */,
				67874D8928D87B9000726F22 /* Frameworks */,
				67874D8A28D87B9000726F22 /* Resources */,
			);
			buildRules = (
			);
			dependencies = (
				67874D8E28D87B9000726F22 /* PBXTargetDependency */,
			);
			name = NeversitupCodeTestUITests;
			productName = NeversitupCodeTestUITests;
			productReference = 67874D8C28D87B9000726F22 /* NeversitupCodeTestUITests.xctest */;
			productType = "com.apple.product-type.bundle.ui-testing";
		};
/* End PBXNativeTarget section */

/* Begin PBXProject section */
		67874D6428D87B8700726F22 /* Project object */ = {
			isa = PBXProject;
			attributes = {
				BuildIndependentTargetsInParallel = 1;
				LastSwiftUpdateCheck = 1340;
				LastUpgradeCheck = 1340;
				TargetAttributes = {
					67874D6B28D87B8700726F22 = {
						CreatedOnToolsVersion = 13.4.1;
					};
					67874D8128D87B9000726F22 = {
						CreatedOnToolsVersion = 13.4.1;
						TestTargetID = 67874D6B28D87B8700726F22;
					};
					67874D8B28D87B9000726F22 = {
						CreatedOnToolsVersion = 13.4.1;
						TestTargetID = 67874D6B28D87B8700726F22;
					};
				};
			};
			buildConfigurationList = 67874D6728D87B8700726F22 /* Build configuration list for PBXProject "NeversitupCodeTest" */;
			compatibilityVersion = "Xcode 13.0";
			developmentRegion = en;
			hasScannedForEncodings = 0;
			knownRegions = (
				en,
				Base,
			);
			mainGroup = 67874D6328D87B8700726F22;
			packageReferences = (
				67874DCB28D8B32F00726F22 /* XCRemoteSwiftPackageReference "Alamofire" */,
				67874DCE28D8B35700726F22 /* XCRemoteSwiftPackageReference "ObjectMapper" */,
				67F80C7828D9858700C944AF /* XCRemoteSwiftPackageReference "realm-swift" */,
			);
			productRefGroup = 67874D6D28D87B8700726F22 /* Products */;
			projectDirPath = "";
			projectRoot = "";
			targets = (
				67874D6B28D87B8700726F22 /* NeversitupCodeTest */,
				67874D8128D87B9000726F22 /* NeversitupCodeTestTests */,
				67874D8B28D87B9000726F22 /* NeversitupCodeTestUITests */,
			);
		};
/* End PBXProject section */

/* Begin PBXResourcesBuildPhase section */
		67874D6A28D87B8700726F22 /* Resources */ = {
			isa = PBXResourcesBuildPhase;
			buildActionMask = 2147483647;
			files = (
				67874DA128D883C200726F22 /* Tabbar.storyboard in Resources */,
				67874D7C28D87B8F00726F22 /* LaunchScreen.storyboard in Resources */,
				67874DA428D884B100726F22 /* ConvertView.storyboard in Resources */,
				67874DCA28D8A5E800726F22 /* homeListTableCell.xib in Resources */,
				67874D7928D87B8F00726F22 /* Assets.xcassets in Resources */,
				67874DAC28D888EE00726F22 /* HistoryView.storyboard in Resources */,
				67874D7728D87B8700726F22 /* Home.storyboard in Resources */,
				67F80C8028D989DD00C944AF /* HistoryTableCell.xib in Resources */,
			);
			runOnlyForDeploymentPostprocessing = 0;
		};
		67874D8028D87B9000726F22 /* Resources */ = {
			isa = PBXResourcesBuildPhase;
			buildActionMask = 2147483647;
			files = (
			);
			runOnlyForDeploymentPostprocessing = 0;
		};
		67874D8A28D87B9000726F22 /* Resources */ = {
			isa = PBXResourcesBuildPhase;
			buildActionMask = 2147483647;
			files = (
			);
			runOnlyForDeploymentPostprocessing = 0;
		};
/* End PBXResourcesBuildPhase section */

/* Begin PBXSourcesBuildPhase section */
		67874D6828D87B8700726F22 /* Sources */ = {
			isa = PBXSourcesBuildPhase;
			buildActionMask = 2147483647;
			files = (
				67874DAF28D8891000726F22 /* TabbarRouter.swift in Sources */,
				67F80C7728D9829500C944AF /* LocalStorageManager.swift in Sources */,
				67874DA628D887A000726F22 /* UIViewcontroller+Extensions.swift in Sources */,
				67874DC128D88F1F00726F22 /* ConvertViewController.swift in Sources */,
				67874D7428D87B8700726F22 /* HomeViewController.swift in Sources */,
				67F80C8228D98D5900C944AF /* HistoryViewProtocols.swift in Sources */,
				67874DBD28D88ECA00726F22 /* HomeWebservice.swift in Sources */,
				67874DC828D8A5D700726F22 /* HomeListTableCell.swift in Sources */,
				67F80C7528D9716500C944AF /* Utility.swift in Sources */,
				67874DD228D8B88700726F22 /* CurrencyListModel.swift in Sources */,
				67F80C9528DAD5EF00C944AF /* Constant.swift in Sources */,
				67CE069D28DC2387000BAFFA /* ConvertViewRouter.swift in Sources */,
				67874DBF28D88EFF00726F22 /* HomeLocalStorage.swift in Sources */,
				67874DBB28D88EB100726F22 /* HomeInteractor.swift in Sources */,
				67F80C8F28DA0A6B00C944AF /* UIView+Extensions.swift in Sources */,
				67874DC428D88F4E00726F22 /* HistoryViewController.swift in Sources */,
				67F80C8A28D98E8C00C944AF /* HistoryViewLocalstorage.swift in Sources */,
				67874DB728D88E8A00726F22 /* HomePresenter.swift in Sources */,
				67874DB128D8896500726F22 /* TabbarProtocols.swift in Sources */,
				67F80C7E28D989CE00C944AF /* HistoryTablecell.swift in Sources */,
				67874DB528D88E8300726F22 /* HomeProtocols.swift in Sources */,
				67F80C8828D98E7D00C944AF /* HistoryViewPresenter.swift in Sources */,
				67874DB328D88A4300726F22 /* TabbarPresenter.swift in Sources */,
				67874D7028D87B8700726F22 /* AppDelegate.swift in Sources */,
				67F80C9128DA0B3600C944AF /* DateFormatterHelper.swift in Sources */,
				67874DA828D8885800726F22 /* TabbarViewController.swift in Sources */,
				67F80C8428D98E5700C944AF /* HistoryRouter.swift in Sources */,
				67874D7228D87B8700726F22 /* SceneDelegate.swift in Sources */,
				67F80C8628D98E7300C944AF /* HistoryViewInteractor.swift in Sources */,
				67874DB928D88E9200726F22 /* HomeRouter.swift in Sources */,
			);
			runOnlyForDeploymentPostprocessing = 0;
		};
		67874D7E28D87B9000726F22 /* Sources */ = {
			isa = PBXSourcesBuildPhase;
			buildActionMask = 2147483647;
			files = (
				67874D8728D87B9000726F22 /* NeversitupCodeTestTests.swift in Sources */,
			);
			runOnlyForDeploymentPostprocessing = 0;
		};
		67874D8828D87B9000726F22 /* Sources */ = {
			isa = PBXSourcesBuildPhase;
			buildActionMask = 2147483647;
			files = (
				67874D9328D87B9000726F22 /* NeversitupCodeTestUITestsLaunchTests.swift in Sources */,
				67874D9128D87B9000726F22 /* NeversitupCodeTestUITests.swift in Sources */,
			);
			runOnlyForDeploymentPostprocessing = 0;
		};
/* End PBXSourcesBuildPhase section */

/* Begin PBXTargetDependency section */
		67874D8428D87B9000726F22 /* PBXTargetDependency */ = {
			isa = PBXTargetDependency;
			target = 67874D6B28D87B8700726F22 /* NeversitupCodeTest */;
			targetProxy = 67874D8328D87B9000726F22 /* PBXContainerItemProxy */;
		};
		67874D8E28D87B9000726F22 /* PBXTargetDependency */ = {
			isa = PBXTargetDependency;
			target = 67874D6B28D87B8700726F22 /* NeversitupCodeTest */;
			targetProxy = 67874D8D28D87B9000726F22 /* PBXContainerItemProxy */;
		};
/* End PBXTargetDependency section */

/* Begin PBXVariantGroup section */
		67874D7528D87B8700726F22 /* Home.storyboard */ = {
			isa = PBXVariantGroup;
			children = (
				67874D7628D87B8700726F22 /* Base */,
			);
			name = Home.storyboard;
			sourceTree = "<group>";
		};
		67874D7A28D87B8F00726F22 /* LaunchScreen.storyboard */ = {
			isa = PBXVariantGroup;
			children = (
				67874D7B28D87B8F00726F22 /* Base */,
			);
			name = LaunchScreen.storyboard;
			sourceTree = "<group>";
		};
		67874D9F28D883C200726F22 /* Tabbar.storyboard */ = {
			isa = PBXVariantGroup;
			children = (
				67874DA028D883C200726F22 /* Base */,
			);
			name = Tabbar.storyboard;
			sourceTree = "<group>";
		};
		67874DA228D884B100726F22 /* ConvertView.storyboard */ = {
			isa = PBXVariantGroup;
			children = (
				67874DA328D884B100726F22 /* Base */,
			);
			name = ConvertView.storyboard;
			sourceTree = "<group>";
		};
		67874DAA28D888EE00726F22 /* HistoryView.storyboard */ = {
			isa = PBXVariantGroup;
			children = (
				67874DAB28D888EE00726F22 /* Base */,
			);
			name = HistoryView.storyboard;
			sourceTree = "<group>";
		};
/* End PBXVariantGroup section */

/* Begin XCBuildConfiguration section */
		67874D9428D87B9000726F22 /* Debug */ = {
			isa = XCBuildConfiguration;
			buildSettings = {
				ALWAYS_SEARCH_USER_PATHS = NO;
				CLANG_ANALYZER_NONNULL = YES;
				CLANG_ANALYZER_NUMBER_OBJECT_CONVERSION = YES_AGGRESSIVE;
				CLANG_CXX_LANGUAGE_STANDARD = "gnu++17";
				CLANG_ENABLE_MODULES = YES;
				CLANG_ENABLE_OBJC_ARC = YES;
				CLANG_ENABLE_OBJC_WEAK = YES;
				CLANG_WARN_BLOCK_CAPTURE_AUTORELEASING = YES;
				CLANG_WARN_BOOL_CONVERSION = YES;
				CLANG_WARN_COMMA = YES;
				CLANG_WARN_CONSTANT_CONVERSION = YES;
				CLANG_WARN_DEPRECATED_OBJC_IMPLEMENTATIONS = YES;
				CLANG_WARN_DIRECT_OBJC_ISA_USAGE = YES_ERROR;
				CLANG_WARN_DOCUMENTATION_COMMENTS = YES;
				CLANG_WARN_EMPTY_BODY = YES;
				CLANG_WARN_ENUM_CONVERSION = YES;
				CLANG_WARN_INFINITE_RECURSION = YES;
				CLANG_WARN_INT_CONVERSION = YES;
				CLANG_WARN_NON_LITERAL_NULL_CONVERSION = YES;
				CLANG_WARN_OBJC_IMPLICIT_RETAIN_SELF = YES;
				CLANG_WARN_OBJC_LITERAL_CONVERSION = YES;
				CLANG_WARN_OBJC_ROOT_CLASS = YES_ERROR;
				CLANG_WARN_QUOTED_INCLUDE_IN_FRAMEWORK_HEADER = YES;
				CLANG_WARN_RANGE_LOOP_ANALYSIS = YES;
				CLANG_WARN_STRICT_PROTOTYPES = YES;
				CLANG_WARN_SUSPICIOUS_MOVE = YES;
				CLANG_WARN_UNGUARDED_AVAILABILITY = YES_AGGRESSIVE;
				CLANG_WARN_UNREACHABLE_CODE = YES;
				CLANG_WARN__DUPLICATE_METHOD_MATCH = YES;
				COPY_PHASE_STRIP = NO;
				DEBUG_INFORMATION_FORMAT = dwarf;
				ENABLE_STRICT_OBJC_MSGSEND = YES;
				ENABLE_TESTABILITY = YES;
				GCC_C_LANGUAGE_STANDARD = gnu11;
				GCC_DYNAMIC_NO_PIC = NO;
				GCC_NO_COMMON_BLOCKS = YES;
				GCC_OPTIMIZATION_LEVEL = 0;
				GCC_PREPROCESSOR_DEFINITIONS = (
					"DEBUG=1",
					"$(inherited)",
				);
				GCC_WARN_64_TO_32_BIT_CONVERSION = YES;
				GCC_WARN_ABOUT_RETURN_TYPE = YES_ERROR;
				GCC_WARN_UNDECLARED_SELECTOR = YES;
				GCC_WARN_UNINITIALIZED_AUTOS = YES_AGGRESSIVE;
				GCC_WARN_UNUSED_FUNCTION = YES;
				GCC_WARN_UNUSED_VARIABLE = YES;
				IPHONEOS_DEPLOYMENT_TARGET = 15.5;
				MTL_ENABLE_DEBUG_INFO = INCLUDE_SOURCE;
				MTL_FAST_MATH = YES;
				ONLY_ACTIVE_ARCH = YES;
				SDKROOT = iphoneos;
				SWIFT_ACTIVE_COMPILATION_CONDITIONS = DEBUG;
				SWIFT_OPTIMIZATION_LEVEL = "-Onone";
			};
			name = Debug;
		};
		67874D9528D87B9000726F22 /* Release */ = {
			isa = XCBuildConfiguration;
			buildSettings = {
				ALWAYS_SEARCH_USER_PATHS = NO;
				CLANG_ANALYZER_NONNULL = YES;
				CLANG_ANALYZER_NUMBER_OBJECT_CONVERSION = YES_AGGRESSIVE;
				CLANG_CXX_LANGUAGE_STANDARD = "gnu++17";
				CLANG_ENABLE_MODULES = YES;
				CLANG_ENABLE_OBJC_ARC = YES;
				CLANG_ENABLE_OBJC_WEAK = YES;
				CLANG_WARN_BLOCK_CAPTURE_AUTORELEASING = YES;
				CLANG_WARN_BOOL_CONVERSION = YES;
				CLANG_WARN_COMMA = YES;
				CLANG_WARN_CONSTANT_CONVERSION = YES;
				CLANG_WARN_DEPRECATED_OBJC_IMPLEMENTATIONS = YES;
				CLANG_WARN_DIRECT_OBJC_ISA_USAGE = YES_ERROR;
				CLANG_WARN_DOCUMENTATION_COMMENTS = YES;
				CLANG_WARN_EMPTY_BODY = YES;
				CLANG_WARN_ENUM_CONVERSION = YES;
				CLANG_WARN_INFINITE_RECURSION = YES;
				CLANG_WARN_INT_CONVERSION = YES;
				CLANG_WARN_NON_LITERAL_NULL_CONVERSION = YES;
				CLANG_WARN_OBJC_IMPLICIT_RETAIN_SELF = YES;
				CLANG_WARN_OBJC_LITERAL_CONVERSION = YES;
				CLANG_WARN_OBJC_ROOT_CLASS = YES_ERROR;
				CLANG_WARN_QUOTED_INCLUDE_IN_FRAMEWORK_HEADER = YES;
				CLANG_WARN_RANGE_LOOP_ANALYSIS = YES;
				CLANG_WARN_STRICT_PROTOTYPES = YES;
				CLANG_WARN_SUSPICIOUS_MOVE = YES;
				CLANG_WARN_UNGUARDED_AVAILABILITY = YES_AGGRESSIVE;
				CLANG_WARN_UNREACHABLE_CODE = YES;
				CLANG_WARN__DUPLICATE_METHOD_MATCH = YES;
				COPY_PHASE_STRIP = NO;
				DEBUG_INFORMATION_FORMAT = "dwarf-with-dsym";
				ENABLE_NS_ASSERTIONS = NO;
				ENABLE_STRICT_OBJC_MSGSEND = YES;
				GCC_C_LANGUAGE_STANDARD = gnu11;
				GCC_NO_COMMON_BLOCKS = YES;
				GCC_WARN_64_TO_32_BIT_CONVERSION = YES;
				GCC_WARN_ABOUT_RETURN_TYPE = YES_ERROR;
				GCC_WARN_UNDECLARED_SELECTOR = YES;
				GCC_WARN_UNINITIALIZED_AUTOS = YES_AGGRESSIVE;
				GCC_WARN_UNUSED_FUNCTION = YES;
				GCC_WARN_UNUSED_VARIABLE = YES;
				IPHONEOS_DEPLOYMENT_TARGET = 15.5;
				MTL_ENABLE_DEBUG_INFO = NO;
				MTL_FAST_MATH = YES;
				SDKROOT = iphoneos;
				SWIFT_COMPILATION_MODE = wholemodule;
				SWIFT_OPTIMIZATION_LEVEL = "-O";
				VALIDATE_PRODUCT = YES;
			};
			name = Release;
		};
		67874D9728D87B9000726F22 /* Debug */ = {
			isa = XCBuildConfiguration;
			buildSettings = {
				ASSETCATALOG_COMPILER_APPICON_NAME = AppIcon;
				ASSETCATALOG_COMPILER_GLOBAL_ACCENT_COLOR_NAME = AccentColor;
				CODE_SIGN_STYLE = Automatic;
				CURRENT_PROJECT_VERSION = 1;
				DEVELOPMENT_TEAM = 5J3TB22LH2;
				GENERATE_INFOPLIST_FILE = YES;
				INFOPLIST_FILE = NeversitupCodeTest/Info.plist;
				INFOPLIST_KEY_UIApplicationSupportsIndirectInputEvents = YES;
				INFOPLIST_KEY_UILaunchStoryboardName = LaunchScreen;
				INFOPLIST_KEY_UIMainStoryboardFile = Tabbar;
				INFOPLIST_KEY_UISupportedInterfaceOrientations = UIInterfaceOrientationLandscapeRight;
				INFOPLIST_KEY_UISupportedInterfaceOrientations_iPad = "UIInterfaceOrientationPortrait UIInterfaceOrientationPortraitUpsideDown UIInterfaceOrientationLandscapeLeft UIInterfaceOrientationLandscapeRight";
				INFOPLIST_KEY_UISupportedInterfaceOrientations_iPhone = "UIInterfaceOrientationPortrait UIInterfaceOrientationLandscapeLeft UIInterfaceOrientationLandscapeRight";
				LD_RUNPATH_SEARCH_PATHS = (
					"$(inherited)",
					"@executable_path/Frameworks",
				);
				MARKETING_VERSION = 1.0;
				PRODUCT_BUNDLE_IDENTIFIER = com.kyh.NeversitupCodeTest;
				PRODUCT_NAME = "$(TARGET_NAME)";
				SWIFT_EMIT_LOC_STRINGS = YES;
				SWIFT_VERSION = 5.0;
				TARGETED_DEVICE_FAMILY = "1,2";
			};
			name = Debug;
		};
		67874D9828D87B9000726F22 /* Release */ = {
			isa = XCBuildConfiguration;
			buildSettings = {
				ASSETCATALOG_COMPILER_APPICON_NAME = AppIcon;
				ASSETCATALOG_COMPILER_GLOBAL_ACCENT_COLOR_NAME = AccentColor;
				CODE_SIGN_STYLE = Automatic;
				CURRENT_PROJECT_VERSION = 1;
				DEVELOPMENT_TEAM = 5J3TB22LH2;
				GENERATE_INFOPLIST_FILE = YES;
				INFOPLIST_FILE = NeversitupCodeTest/Info.plist;
				INFOPLIST_KEY_UIApplicationSupportsIndirectInputEvents = YES;
				INFOPLIST_KEY_UILaunchStoryboardName = LaunchScreen;
				INFOPLIST_KEY_UIMainStoryboardFile = Tabbar;
				INFOPLIST_KEY_UISupportedInterfaceOrientations = UIInterfaceOrientationLandscapeRight;
				INFOPLIST_KEY_UISupportedInterfaceOrientations_iPad = "UIInterfaceOrientationPortrait UIInterfaceOrientationPortraitUpsideDown UIInterfaceOrientationLandscapeLeft UIInterfaceOrientationLandscapeRight";
				INFOPLIST_KEY_UISupportedInterfaceOrientations_iPhone = "UIInterfaceOrientationPortrait UIInterfaceOrientationLandscapeLeft UIInterfaceOrientationLandscapeRight";
				LD_RUNPATH_SEARCH_PATHS = (
					"$(inherited)",
					"@executable_path/Frameworks",
				);
				MARKETING_VERSION = 1.0;
				PRODUCT_BUNDLE_IDENTIFIER = com.kyh.NeversitupCodeTest;
				PRODUCT_NAME = "$(TARGET_NAME)";
				SWIFT_EMIT_LOC_STRINGS = YES;
				SWIFT_VERSION = 5.0;
				TARGETED_DEVICE_FAMILY = "1,2";
			};
			name = Release;
		};
		67874D9A28D87B9000726F22 /* Debug */ = {
			isa = XCBuildConfiguration;
			buildSettings = {
				ALWAYS_EMBED_SWIFT_STANDARD_LIBRARIES = YES;
				BUNDLE_LOADER = "$(TEST_HOST)";
				CODE_SIGN_STYLE = Automatic;
				CURRENT_PROJECT_VERSION = 1;
				DEVELOPMENT_TEAM = 5J3TB22LH2;
				GENERATE_INFOPLIST_FILE = YES;
				IPHONEOS_DEPLOYMENT_TARGET = 15.5;
				MARKETING_VERSION = 1.0;
				PRODUCT_BUNDLE_IDENTIFIER = com.kyh.NeversitupCodeTestTests;
				PRODUCT_NAME = "$(TARGET_NAME)";
				SWIFT_EMIT_LOC_STRINGS = NO;
				SWIFT_VERSION = 5.0;
				TARGETED_DEVICE_FAMILY = "1,2";
				TEST_HOST = "$(BUILT_PRODUCTS_DIR)/NeversitupCodeTest.app/NeversitupCodeTest";
			};
			name = Debug;
		};
		67874D9B28D87B9000726F22 /* Release */ = {
			isa = XCBuildConfiguration;
			buildSettings = {
				ALWAYS_EMBED_SWIFT_STANDARD_LIBRARIES = YES;
				BUNDLE_LOADER = "$(TEST_HOST)";
				CODE_SIGN_STYLE = Automatic;
				CURRENT_PROJECT_VERSION = 1;
				DEVELOPMENT_TEAM = 5J3TB22LH2;
				GENERATE_INFOPLIST_FILE = YES;
				IPHONEOS_DEPLOYMENT_TARGET = 15.5;
				MARKETING_VERSION = 1.0;
				PRODUCT_BUNDLE_IDENTIFIER = com.kyh.NeversitupCodeTestTests;
				PRODUCT_NAME = "$(TARGET_NAME)";
				SWIFT_EMIT_LOC_STRINGS = NO;
				SWIFT_VERSION = 5.0;
				TARGETED_DEVICE_FAMILY = "1,2";
				TEST_HOST = "$(BUILT_PRODUCTS_DIR)/NeversitupCodeTest.app/NeversitupCodeTest";
			};
			name = Release;
		};
		67874D9D28D87B9000726F22 /* Debug */ = {
			isa = XCBuildConfiguration;
			buildSettings = {
				ALWAYS_EMBED_SWIFT_STANDARD_LIBRARIES = YES;
				CODE_SIGN_STYLE = Automatic;
				CURRENT_PROJECT_VERSION = 1;
				DEVELOPMENT_TEAM = 5J3TB22LH2;
				GENERATE_INFOPLIST_FILE = YES;
				MARKETING_VERSION = 1.0;
				PRODUCT_BUNDLE_IDENTIFIER = com.kyh.NeversitupCodeTestUITests;
				PRODUCT_NAME = "$(TARGET_NAME)";
				SWIFT_EMIT_LOC_STRINGS = NO;
				SWIFT_VERSION = 5.0;
				TARGETED_DEVICE_FAMILY = "1,2";
				TEST_TARGET_NAME = NeversitupCodeTest;
			};
			name = Debug;
		};
		67874D9E28D87B9000726F22 /* Release */ = {
			isa = XCBuildConfiguration;
			buildSettings = {
				ALWAYS_EMBED_SWIFT_STANDARD_LIBRARIES = YES;
				CODE_SIGN_STYLE = Automatic;
				CURRENT_PROJECT_VERSION = 1;
				DEVELOPMENT_TEAM = 5J3TB22LH2;
				GENERATE_INFOPLIST_FILE = YES;
				MARKETING_VERSION = 1.0;
				PRODUCT_BUNDLE_IDENTIFIER = com.kyh.NeversitupCodeTestUITests;
				PRODUCT_NAME = "$(TARGET_NAME)";
				SWIFT_EMIT_LOC_STRINGS = NO;
				SWIFT_VERSION = 5.0;
				TARGETED_DEVICE_FAMILY = "1,2";
				TEST_TARGET_NAME = NeversitupCodeTest;
			};
			name = Release;
		};
/* End XCBuildConfiguration section */

/* Begin XCConfigurationList section */
		67874D6728D87B8700726F22 /* Build configuration list for PBXProject "NeversitupCodeTest" */ = {
			isa = XCConfigurationList;
			buildConfigurations = (
				67874D9428D87B9000726F22 /* Debug */,
				67874D9528D87B9000726F22 /* Release */,
			);
			defaultConfigurationIsVisible = 0;
			defaultConfigurationName = Release;
		};
		67874D9628D87B9000726F22 /* Build configuration list for PBXNativeTarget "NeversitupCodeTest" */ = {
			isa = XCConfigurationList;
			buildConfigurations = (
				67874D9728D87B9000726F22 /* Debug */,
				67874D9828D87B9000726F22 /* Release */,
			);
			defaultConfigurationIsVisible = 0;
			defaultConfigurationName = Release;
		};
		67874D9928D87B9000726F22 /* Build configuration list for PBXNativeTarget "NeversitupCodeTestTests" */ = {
			isa = XCConfigurationList;
			buildConfigurations = (
				67874D9A28D87B9000726F22 /* Debug */,
				67874D9B28D87B9000726F22 /* Release */,
			);
			defaultConfigurationIsVisible = 0;
			defaultConfigurationName = Release;
		};
		67874D9C28D87B9000726F22 /* Build configuration list for PBXNativeTarget "NeversitupCodeTestUITests" */ = {
			isa = XCConfigurationList;
			buildConfigurations = (
				67874D9D28D87B9000726F22 /* Debug */,
				67874D9E28D87B9000726F22 /* Release */,
			);
			defaultConfigurationIsVisible = 0;
			defaultConfigurationName = Release;
		};
/* End XCConfigurationList section */

/* Begin XCRemoteSwiftPackageReference section */
		67874DCB28D8B32F00726F22 /* XCRemoteSwiftPackageReference "Alamofire" */ = {
			isa = XCRemoteSwiftPackageReference;
			repositoryURL = "https://github.com/Alamofire/Alamofire";
			requirement = {
				kind = upToNextMajorVersion;
				minimumVersion = 5.0.0;
			};
		};
		67874DCE28D8B35700726F22 /* XCRemoteSwiftPackageReference "ObjectMapper" */ = {
			isa = XCRemoteSwiftPackageReference;
			repositoryURL = "https://github.com/tristanhimmelman/ObjectMapper";
			requirement = {
				kind = upToNextMajorVersion;
				minimumVersion = 4.0.0;
			};
		};
		67F80C7828D9858700C944AF /* XCRemoteSwiftPackageReference "realm-swift" */ = {
			isa = XCRemoteSwiftPackageReference;
			repositoryURL = "https://github.com/realm/realm-swift.git";
			requirement = {
				branch = master;
				kind = branch;
			};
		};
/* End XCRemoteSwiftPackageReference section */

/* Begin XCSwiftPackageProductDependency section */
		67874DCC28D8B32F00726F22 /* Alamofire */ = {
			isa = XCSwiftPackageProductDependency;
			package = 67874DCB28D8B32F00726F22 /* XCRemoteSwiftPackageReference "Alamofire" */;
			productName = Alamofire;
		};
		67874DCF28D8B35700726F22 /* ObjectMapper */ = {
			isa = XCSwiftPackageProductDependency;
			package = 67874DCE28D8B35700726F22 /* XCRemoteSwiftPackageReference "ObjectMapper" */;
			productName = ObjectMapper;
		};
		67F80C7928D9858700C944AF /* Realm */ = {
			isa = XCSwiftPackageProductDependency;
			package = 67F80C7828D9858700C944AF /* XCRemoteSwiftPackageReference "realm-swift" */;
			productName = Realm;
		};
		67F80C7B28D9858700C944AF /* RealmSwift */ = {
			isa = XCSwiftPackageProductDependency;
			package = 67F80C7828D9858700C944AF /* XCRemoteSwiftPackageReference "realm-swift" */;
			productName = RealmSwift;
		};
/* End XCSwiftPackageProductDependency section */
	};
	rootObject = 67874D6428D87B8700726F22 /* Project object */;
}
