// !$*UTF8*$!
{
	archiveVersion = 1;
	classes = {
	};
	objectVersion = 55;
	objects = {

/* Begin PBXBuildFile section */
		67874D7028D87B8700726F22 /* AppDelegate.swift in Sources */ = {isa = PBXBuildFile; fileRef = 67874D6F28D87B8700726F22 /* AppDelegate.swift */; };
		67874D7228D87B8700726F22 /* SceneDelegate.swift in Sources */ = {isa = PBXBuildFile; fileRef = 67874D7128D87B8700726F22 /* SceneDelegate.swift */; };
		67874D7428D87B8700726F22 /* ViewController.swift in Sources */ = {isa = PBXBuildFile; fileRef = 67874D7328D87B8700726F22 /* ViewController.swift */; };
		67874D7728D87B8700726F22 /* Main.storyboard in Resources */ = {isa = PBXBuildFile; fileRef = 67874D7528D87B8700726F22 /* Main.storyboard */; };
		67874D7928D87B8F00726F22 /* Assets.xcassets in Resources */ = {isa = PBXBuildFile; fileRef = 67874D7828D87B8F00726F22 /* Assets.xcassets */; };
		67874D7C28D87B8F00726F22 /* LaunchScreen.storyboard in Resources */ = {isa = PBXBuildFile; fileRef = 67874D7A28D87B8F00726F22 /* LaunchScreen.storyboard */; };
		67874D8728D87B9000726F22 /* NeversitupCodeTestTests.swift in Sources */ = {isa = PBXBuildFile; fileRef = 67874D8628D87B9000726F22 /* NeversitupCodeTestTests.swift */; };
		67874D9128D87B9000726F22 /* NeversitupCodeTestUITests.swift in Sources */ = {isa = PBXBuildFile; fileRef = 67874D9028D87B9000726F22 /* NeversitupCodeTestUITests.swift */; };
		67874D9328D87B9000726F22 /* NeversitupCodeTestUITestsLaunchTests.swift in Sources */ = {isa = PBXBuildFile; fileRef = 67874D9228D87B9000726F22 /* NeversitupCodeTestUITestsLaunchTests.swift */; };
/* End PBXBuildFile section */

/* Begin PBXContainerItemProxy section */
		67874D8328D87B9000726F22 /* PBXContainerItemProxy */ = {
			isa = PBXContainerItemProxy;
			containerPortal = 67874D6428D87B8700726F22 /* Project object */;
			proxyType = 1;
			remoteGlobalIDString = 67874D6B28D87B8700726F22;
			remoteInfo = NeversitupCodeTest;
		};
		67874D8D28D87B9000726F22 /* PBXContainerItemProxy */ = {
			isa = PBXContainerItemProxy;
			containerPortal = 67874D6428D87B8700726F22 /* Project object */;
			proxyType = 1;
			remoteGlobalIDString = 67874D6B28D87B8700726F22;
			remoteInfo = NeversitupCodeTest;
		};
/* End PBXContainerItemProxy section */

/* Begin PBXFileReference section */
		67874D6C28D87B8700726F22 /* NeversitupCodeTest.app */ = {isa = PBXFileReference; explicitFileType = wrapper.application; includeInIndex = 0; path = NeversitupCodeTest.app; sourceTree = BUILT_PRODUCTS_DIR; };
		67874D6F28D87B8700726F22 /* AppDelegate.swift */ = {isa = PBXFileReference; lastKnownFileType = sourcecode.swift; path = AppDelegate.swift; sourceTree = "<group>"; };
		67874D7128D87B8700726F22 /* SceneDelegate.swift */ = {isa = PBXFileReference; lastKnownFileType = sourcecode.swift; path = SceneDelegate.swift; sourceTree = "<group>"; };
		67874D7328D87B8700726F22 /* ViewController.swift */ = {isa = PBXFileReference; lastKnownFileType = sourcecode.swift; path = ViewController.swift; sourceTree = "<group>"; };
		67874D7628D87B8700726F22 /* Base */ = {isa = PBXFileReference; lastKnownFileType = file.storyboard; name = Base; path = Base.lproj/Main.storyboard; sourceTree = "<group>"; };
		67874D7828D87B8F00726F22 /* Assets.xcassets */ = {isa = PBXFileReference; lastKnownFileType = folder.assetcatalog; path = Assets.xcassets; sourceTree = "<group>"; };
		67874D7B28D87B8F00726F22 /* Base */ = {isa = PBXFileReference; lastKnownFileType = file.storyboard; name = Base; path = Base.lproj/LaunchScreen.storyboard; sourceTree = "<group>"; };
		67874D7D28D87B8F00726F22 /* Info.plist */ = {isa = PBXFileReference; lastKnownFileType = text.plist.xml; path = Info.plist; sourceTree = "<group>"; };
		67874D8228D87B9000726F22 /* NeversitupCodeTestTests.xctest */ = {isa = PBXFileReference; explicitFileType = wrapper.cfbundle; includeInIndex = 0; path = NeversitupCodeTestTests.xctest; sourceTree = BUILT_PRODUCTS_DIR; };
		67874D8628D87B9000726F22 /* NeversitupCodeTestTests.swift */ = {isa = PBXFileReference; lastKnownFileType = sourcecode.swift; path = NeversitupCodeTestTests.swift; sourceTree = "<group>"; };
		67874D8C28D87B9000726F22 /* NeversitupCodeTestUITests.xctest */ = {isa = PBXFileReference; explicitFileType = wrapper.cfbundle; includeInIndex = 0; path = NeversitupCodeTestUITests.xctest; sourceTree = BUILT_PRODUCTS_DIR; };
		67874D9028D87B9000726F22 /* NeversitupCodeTestUITests.swift */ = {isa = PBXFileReference; lastKnownFileType = sourcecode.swift; path = NeversitupCodeTestUITests.swift; sourceTree = "<group>"; };
		67874D9228D87B9000726F22 /* NeversitupCodeTestUITestsLaunchTests.swift */ = {isa = PBXFileReference; lastKnownFileType = sourcecode.swift; path = NeversitupCodeTestUITestsLaunchTests.swift; sourceTree = "<group>"; };
/* End PBXFileReference section */

/* Begin PBXFrameworksBuildPhase section */
		67874D6928D87B8700726F22 /* Frameworks */ = {
			isa = PBXFrameworksBuildPhase;
			buildActionMask = 2147483647;
			files = (
			);
			runOnlyForDeploymentPostprocessing = 0;
		};
		67874D7F28D87B9000726F22 /* Frameworks */ = {
			isa = PBXFrameworksBuildPhase;
			buildActionMask = 2147483647;
			files = (
			);
			runOnlyForDeploymentPostprocessing = 0;
		};
		67874D8928D87B9000726F22 /* Frameworks */ = {
			isa = PBXFrameworksBuildPhase;
			buildActionMask = 2147483647;
			files = (
			);
			runOnlyForDeploymentPostprocessing = 0;
		};
/* End PBXFrameworksBuildPhase section */

/* Begin PBXGroup section */
		67874D6328D87B8700726F22 = {
			isa = PBXGroup;
			children = (
				67874D6E28D87B8700726F22 /* NeversitupCodeTest */,
				67874D8528D87B9000726F22 /* NeversitupCodeTestTests */,
				67874D8F28D87B9000726F22 /* NeversitupCodeTestUITests */,
				67874D6D28D87B8700726F22 /* Products */,
			);
			sourceTree = "<group>";
		};
		67874D6D28D87B8700726F22 /* Products */ = {
			isa = PBXGroup;
			children = (
				67874D6C28D87B8700726F22 /* NeversitupCodeTest.app */,
				67874D8228D87B9000726F22 /* NeversitupCodeTestTests.xctest */,
				67874D8C28D87B9000726F22 /* NeversitupCodeTestUITests.xctest */,
			);
			name = Products;
			sourceTree = "<group>";
		};
		67874D6E28D87B8700726F22 /* NeversitupCodeTest */ = {
			isa = PBXGroup;
			children = (
				67874D6F28D87B8700726F22 /* AppDelegate.swift */,
				67874D7128D87B8700726F22 /* SceneDelegate.swift */,
				67874D7328D87B8700726F22 /* ViewController.swift */,
				67874D7528D87B8700726F22 /* Main.storyboard */,
				67874D7828D87B8F00726F22 /* Assets.xcassets */,
				67874D7A28D87B8F00726F22 /* LaunchScreen.storyboard */,
				67874D7D28D87B8F00726F22 /* Info.plist */,
			);
			path = NeversitupCodeTest;
			sourceTree = "<group>";
		};
		67874D8528D87B9000726F22 /* NeversitupCodeTestTests */ = {
			isa = PBXGroup;
			children = (
				67874D8628D87B9000726F22 /* NeversitupCodeTestTests.swift */,
			);
			path = NeversitupCodeTestTests;
			sourceTree = "<group>";
		};
		67874D8F28D87B9000726F22 /* NeversitupCodeTestUITests */ = {
			isa = PBXGroup;
			children = (
				67874D9028D87B9000726F22 /* NeversitupCodeTestUITests.swift */,
				67874D9228D87B9000726F22 /* NeversitupCodeTestUITestsLaunchTests.swift */,
			);
			path = NeversitupCodeTestUITests;
			sourceTree = "<group>";
		};
/* End PBXGroup section */

/* Begin PBXNativeTarget section */
		67874D6B28D87B8700726F22 /* NeversitupCodeTest */ = {
			isa = PBXNativeTarget;
			buildConfigurationList = 67874D9628D87B9000726F22 /* Build configuration list for PBXNativeTarget "NeversitupCodeTest" */;
			buildPhases = (
				67874D6828D87B8700726F22 /* Sources */,
				67874D6928D87B8700726F22 /* Frameworks */,
				67874D6A28D87B8700726F22 /* Resources */,
			);
			buildRules = (
			);
			dependencies = (
			);
			name = NeversitupCodeTest;
			productName = NeversitupCodeTest;
			productReference = 67874D6C28D87B8700726F22 /* NeversitupCodeTest.app */;
			productType = "com.apple.product-type.application";
		};
		67874D8128D87B9000726F22 /* NeversitupCodeTestTests */ = {
			isa = PBXNativeTarget;
			buildConfigurationList = 67874D9928D87B9000726F22 /* Build configuration list for PBXNativeTarget "NeversitupCodeTestTests" */;
			buildPhases = (
				67874D7E28D87B9000726F22 /* Sources */,
				67874D7F28D87B9000726F22 /* Frameworks */,
				67874D8028D87B9000726F22 /* Resources */,
			);
			buildRules = (
			);
			dependencies = (
				67874D8428D87B9000726F22 /* PBXTargetDependency */,
			);
			name = NeversitupCodeTestTests;
			productName = NeversitupCodeTestTests;
			productReference = 67874D8228D87B9000726F22 /* NeversitupCodeTestTests.xctest */;
			productType = "com.apple.product-type.bundle.unit-test";
		};
		67874D8B28D87B9000726F22 /* NeversitupCodeTestUITests */ = {
			isa = PBXNativeTarget;
			buildConfigurationList = 67874D9C28D87B9000726F22 /* Build configuration list for PBXNativeTarget "NeversitupCodeTestUITests" */;
			buildPhases = (
				67874D8828D87B9000726F22 /* Sources */,
				67874D8928D87B9000726F22 /* Frameworks */,
				67874D8A28D87B9000726F22 /* Resources */,
			);
			buildRules = (
			);
			dependencies = (
				67874D8E28D87B9000726F22 /* PBXTargetDependency */,
			);
			name = NeversitupCodeTestUITests;
			productName = NeversitupCodeTestUITests;
			productReference = 67874D8C28D87B9000726F22 /* NeversitupCodeTestUITests.xctest */;
			productType = "com.apple.product-type.bundle.ui-testing";
		};
/* End PBXNativeTarget section */

/* Begin PBXProject section */
		67874D6428D87B8700726F22 /* Project object */ = {
			isa = PBXProject;
			attributes = {
				BuildIndependentTargetsInParallel = 1;
				LastSwiftUpdateCheck = 1340;
				LastUpgradeCheck = 1340;
				TargetAttributes = {
					67874D6B28D87B8700726F22 = {
						CreatedOnToolsVersion = 13.4.1;
					};
					67874D8128D87B9000726F22 = {
						CreatedOnToolsVersion = 13.4.1;
						TestTargetID = 67874D6B28D87B8700726F22;
					};
					67874D8B28D87B9000726F22 = {
						CreatedOnToolsVersion = 13.4.1;
						TestTargetID = 67874D6B28D87B8700726F22;
					};
				};
			};
			buildConfigurationList = 67874D6728D87B8700726F22 /* Build configuration list for PBXProject "NeversitupCodeTest" */;
			compatibilityVersion = "Xcode 13.0";
			developmentRegion = en;
			hasScannedForEncodings = 0;
			knownRegions = (
				en,
				Base,
			);
			mainGroup = 67874D6328D87B8700726F22;
			productRefGroup = 67874D6D28D87B8700726F22 /* Products */;
			projectDirPath = "";
			projectRoot = "";
			targets = (
				67874D6B28D87B8700726F22 /* NeversitupCodeTest */,
				67874D8128D87B9000726F22 /* NeversitupCodeTestTests */,
				67874D8B28D87B9000726F22 /* NeversitupCodeTestUITests */,
			);
		};
/* End PBXProject section */

/* Begin PBXResourcesBuildPhase section */
		67874D6A28D87B8700726F22 /* Resources */ = {
			isa = PBXResourcesBuildPhase;
			buildActionMask = 2147483647;
			files = (
				67874D7C28D87B8F00726F22 /* LaunchScreen.storyboard in Resources */,
				67874D7928D87B8F00726F22 /* Assets.xcassets in Resources */,
				67874D7728D87B8700726F22 /* Main.storyboard in Resources */,
			);
			runOnlyForDeploymentPostprocessing = 0;
		};
		67874D8028D87B9000726F22 /* Resources */ = {
			isa = PBXResourcesBuildPhase;
			buildActionMask = 2147483647;
			files = (
			);
			runOnlyForDeploymentPostprocessing = 0;
		};
		67874D8A28D87B9000726F22 /* Resources */ = {
			isa = PBXResourcesBuildPhase;
			buildActionMask = 2147483647;
			files = (
			);
			runOnlyForDeploymentPostprocessing = 0;
		};
/* End PBXResourcesBuildPhase section */

/* Begin PBXSourcesBuildPhase section */
		67874D6828D87B8700726F22 /* Sources */ = {
			isa = PBXSourcesBuildPhase;
			buildActionMask = 2147483647;
			files = (
				67874D7428D87B8700726F22 /* ViewController.swift in Sources */,
				67874D7028D87B8700726F22 /* AppDelegate.swift in Sources */,
				67874D7228D87B8700726F22 /* SceneDelegate.swift in Sources */,
			);
			runOnlyForDeploymentPostprocessing = 0;
		};
		67874D7E28D87B9000726F22 /* Sources */ = {
			isa = PBXSourcesBuildPhase;
			buildActionMask = 2147483647;
			files = (
				67874D8728D87B9000726F22 /* NeversitupCodeTestTests.swift in Sources */,
			);
			runOnlyForDeploymentPostprocessing = 0;
		};
		67874D8828D87B9000726F22 /* Sources */ = {
			isa = PBXSourcesBuildPhase;
			buildActionMask = 2147483647;
			files = (
				67874D9328D87B9000726F22 /* NeversitupCodeTestUITestsLaunchTests.swift in Sources */,
				67874D9128D87B9000726F22 /* NeversitupCodeTestUITests.swift in Sources */,
			);
			runOnlyForDeploymentPostprocessing = 0;
		};
/* End PBXSourcesBuildPhase section */

/* Begin PBXTargetDependency section */
		67874D8428D87B9000726F22 /* PBXTargetDependency */ = {
			isa = PBXTargetDependency;
			target = 67874D6B28D87B8700726F22 /* NeversitupCodeTest */;
			targetProxy = 67874D8328D87B9000726F22 /* PBXContainerItemProxy */;
		};
		67874D8E28D87B9000726F22 /* PBXTargetDependency */ = {
			isa = PBXTargetDependency;
			target = 67874D6B28D87B8700726F22 /* NeversitupCodeTest */;
			targetProxy = 67874D8D28D87B9000726F22 /* PBXContainerItemProxy */;
		};
/* End PBXTargetDependency section */

/* Begin PBXVariantGroup section */
		67874D7528D87B8700726F22 /* Main.storyboard */ = {
			isa = PBXVariantGroup;
			children = (
				67874D7628D87B8700726F22 /* Base */,
			);
			name = Main.storyboard;
			sourceTree = "<group>";
		};
		67874D7A28D87B8F00726F22 /* LaunchScreen.storyboard */ = {
			isa = PBXVariantGroup;
			children = (
				67874D7B28D87B8F00726F22 /* Base */,
			);
			name = LaunchScreen.storyboard;
			sourceTree = "<group>";
		};
/* End PBXVariantGroup section */

/* Begin XCBuildConfiguration section */
		67874D9428D87B9000726F22 /* Debug */ = {
			isa = XCBuildConfiguration;
			buildSettings = {
				ALWAYS_SEARCH_USER_PATHS = NO;
				CLANG_ANALYZER_NONNULL = YES;
				CLANG_ANALYZER_NUMBER_OBJECT_CONVERSION = YES_AGGRESSIVE;
				CLANG_CXX_LANGUAGE_STANDARD = "gnu++17";
				CLANG_ENABLE_MODULES = YES;
				CLANG_ENABLE_OBJC_ARC = YES;
				CLANG_ENABLE_OBJC_WEAK = YES;
				CLANG_WARN_BLOCK_CAPTURE_AUTORELEASING = YES;
				CLANG_WARN_BOOL_CONVERSION = YES;
				CLANG_WARN_COMMA = YES;
				CLANG_WARN_CONSTANT_CONVERSION = YES;
				CLANG_WARN_DEPRECATED_OBJC_IMPLEMENTATIONS = YES;
				CLANG_WARN_DIRECT_OBJC_ISA_USAGE = YES_ERROR;
				CLANG_WARN_DOCUMENTATION_COMMENTS = YES;
				CLANG_WARN_EMPTY_BODY = YES;
				CLANG_WARN_ENUM_CONVERSION = YES;
				CLANG_WARN_INFINITE_RECURSION = YES;
				CLANG_WARN_INT_CONVERSION = YES;
				CLANG_WARN_NON_LITERAL_NULL_CONVERSION = YES;
				CLANG_WARN_OBJC_IMPLICIT_RETAIN_SELF = YES;
				CLANG_WARN_OBJC_LITERAL_CONVERSION = YES;
				CLANG_WARN_OBJC_ROOT_CLASS = YES_ERROR;
				CLANG_WARN_QUOTED_INCLUDE_IN_FRAMEWORK_HEADER = YES;
				CLANG_WARN_RANGE_LOOP_ANALYSIS = YES;
				CLANG_WARN_STRICT_PROTOTYPES = YES;
				CLANG_WARN_SUSPICIOUS_MOVE = YES;
				CLANG_WARN_UNGUARDED_AVAILABILITY = YES_AGGRESSIVE;
				CLANG_WARN_UNREACHABLE_CODE = YES;
				CLANG_WARN__DUPLICATE_METHOD_MATCH = YES;
				COPY_PHASE_STRIP = NO;
				DEBUG_INFORMATION_FORMAT = dwarf;
				ENABLE_STRICT_OBJC_MSGSEND = YES;
				ENABLE_TESTABILITY = YES;
				GCC_C_LANGUAGE_STANDARD = gnu11;
				GCC_DYNAMIC_NO_PIC = NO;
				GCC_NO_COMMON_BLOCKS = YES;
				GCC_OPTIMIZATION_LEVEL = 0;
				GCC_PREPROCESSOR_DEFINITIONS = (
					"DEBUG=1",
					"$(inherited)",
				);
				GCC_WARN_64_TO_32_BIT_CONVERSION = YES;
				GCC_WARN_ABOUT_RETURN_TYPE = YES_ERROR;
				GCC_WARN_UNDECLARED_SELECTOR = YES;
				GCC_WARN_UNINITIALIZED_AUTOS = YES_AGGRESSIVE;
				GCC_WARN_UNUSED_FUNCTION = YES;
				GCC_WARN_UNUSED_VARIABLE = YES;
				IPHONEOS_DEPLOYMENT_TARGET = 15.5;
				MTL_ENABLE_DEBUG_INFO = INCLUDE_SOURCE;
				MTL_FAST_MATH = YES;
				ONLY_ACTIVE_ARCH = YES;
				SDKROOT = iphoneos;
				SWIFT_ACTIVE_COMPILATION_CONDITIONS = DEBUG;
				SWIFT_OPTIMIZATION_LEVEL = "-Onone";
			};
			name = Debug;
		};
		67874D9528D87B9000726F22 /* Release */ = {
			isa = XCBuildConfiguration;
			buildSettings = {
				ALWAYS_SEARCH_USER_PATHS = NO;
				CLANG_ANALYZER_NONNULL = YES;
				CLANG_ANALYZER_NUMBER_OBJECT_CONVERSION = YES_AGGRESSIVE;
				CLANG_CXX_LANGUAGE_STANDARD = "gnu++17";
				CLANG_ENABLE_MODULES = YES;
				CLANG_ENABLE_OBJC_ARC = YES;
				CLANG_ENABLE_OBJC_WEAK = YES;
				CLANG_WARN_BLOCK_CAPTURE_AUTORELEASING = YES;
				CLANG_WARN_BOOL_CONVERSION = YES;
				CLANG_WARN_COMMA = YES;
				CLANG_WARN_CONSTANT_CONVERSION = YES;
				CLANG_WARN_DEPRECATED_OBJC_IMPLEMENTATIONS = YES;
				CLANG_WARN_DIRECT_OBJC_ISA_USAGE = YES_ERROR;
				CLANG_WARN_DOCUMENTATION_COMMENTS = YES;
				CLANG_WARN_EMPTY_BODY = YES;
				CLANG_WARN_ENUM_CONVERSION = YES;
				CLANG_WARN_INFINITE_RECURSION = YES;
				CLANG_WARN_INT_CONVERSION = YES;
				CLANG_WARN_NON_LITERAL_NULL_CONVERSION = YES;
				CLANG_WARN_OBJC_IMPLICIT_RETAIN_SELF = YES;
				CLANG_WARN_OBJC_LITERAL_CONVERSION = YES;
				CLANG_WARN_OBJC_ROOT_CLASS = YES_ERROR;
				CLANG_WARN_QUOTED_INCLUDE_IN_FRAMEWORK_HEADER = YES;
				CLANG_WARN_RANGE_LOOP_ANALYSIS = YES;
				CLANG_WARN_STRICT_PROTOTYPES = YES;
				CLANG_WARN_SUSPICIOUS_MOVE = YES;
				CLANG_WARN_UNGUARDED_AVAILABILITY = YES_AGGRESSIVE;
				CLANG_WARN_UNREACHABLE_CODE = YES;
				CLANG_WARN__DUPLICATE_METHOD_MATCH = YES;
				COPY_PHASE_STRIP = NO;
				DEBUG_INFORMATION_FORMAT = "dwarf-with-dsym";
				ENABLE_NS_ASSERTIONS = NO;
				ENABLE_STRICT_OBJC_MSGSEND = YES;
				GCC_C_LANGUAGE_STANDARD = gnu11;
				GCC_NO_COMMON_BLOCKS = YES;
				GCC_WARN_64_TO_32_BIT_CONVERSION = YES;
				GCC_WARN_ABOUT_RETURN_TYPE = YES_ERROR;
				GCC_WARN_UNDECLARED_SELECTOR = YES;
				GCC_WARN_UNINITIALIZED_AUTOS = YES_AGGRESSIVE;
				GCC_WARN_UNUSED_FUNCTION = YES;
				GCC_WARN_UNUSED_VARIABLE = YES;
				IPHONEOS_DEPLOYMENT_TARGET = 15.5;
				MTL_ENABLE_DEBUG_INFO = NO;
				MTL_FAST_MATH = YES;
				SDKROOT = iphoneos;
				SWIFT_COMPILATION_MODE = wholemodule;
				SWIFT_OPTIMIZATION_LEVEL = "-O";
				VALIDATE_PRODUCT = YES;
			};
			name = Release;
		};
		67874D9728D87B9000726F22 /* Debug */ = {
			isa = XCBuildConfiguration;
			buildSettings = {
				ASSETCATALOG_COMPILER_APPICON_NAME = AppIcon;
				ASSETCATALOG_COMPILER_GLOBAL_ACCENT_COLOR_NAME = AccentColor;
				CODE_SIGN_STYLE = Automatic;
				CURRENT_PROJECT_VERSION = 1;
				DEVELOPMENT_TEAM = 5J3TB22LH2;
				GENERATE_INFOPLIST_FILE = YES;
				INFOPLIST_FILE = NeversitupCodeTest/Info.plist;
				INFOPLIST_KEY_UIApplicationSupportsIndirectInputEvents = YES;
				INFOPLIST_KEY_UILaunchStoryboardName = LaunchScreen;
				INFOPLIST_KEY_UIMainStoryboardFile = Main;
				INFOPLIST_KEY_UISupportedInterfaceOrientations_iPad = "UIInterfaceOrientationPortrait UIInterfaceOrientationPortraitUpsideDown UIInterfaceOrientationLandscapeLeft UIInterfaceOrientationLandscapeRight";
				INFOPLIST_KEY_UISupportedInterfaceOrientations_iPhone = "UIInterfaceOrientationPortrait UIInterfaceOrientationLandscapeLeft UIInterfaceOrientationLandscapeRight";
				LD_RUNPATH_SEARCH_PATHS = (
					"$(inherited)",
					"@executable_path/Frameworks",
				);
				MARKETING_VERSION = 1.0;
				PRODUCT_BUNDLE_IDENTIFIER = com.kyh.NeversitupCodeTest;
				PRODUCT_NAME = "$(TARGET_NAME)";
				SWIFT_EMIT_LOC_STRINGS = YES;
				SWIFT_VERSION = 5.0;
				TARGETED_DEVICE_FAMILY = "1,2";
			};
			name = Debug;
		};
		67874D9828D87B9000726F22 /* Release */ = {
			isa = XCBuildConfiguration;
			buildSettings = {
				ASSETCATALOG_COMPILER_APPICON_NAME = AppIcon;
				ASSETCATALOG_COMPILER_GLOBAL_ACCENT_COLOR_NAME = AccentColor;
				CODE_SIGN_STYLE = Automatic;
				CURRENT_PROJECT_VERSION = 1;
				DEVELOPMENT_TEAM = 5J3TB22LH2;
				GENERATE_INFOPLIST_FILE = YES;
				INFOPLIST_FILE = NeversitupCodeTest/Info.plist;
				INFOPLIST_KEY_UIApplicationSupportsIndirectInputEvents = YES;
				INFOPLIST_KEY_UILaunchStoryboardName = LaunchScreen;
				INFOPLIST_KEY_UIMainStoryboardFile = Main;
				INFOPLIST_KEY_UISupportedInterfaceOrientations_iPad = "UIInterfaceOrientationPortrait UIInterfaceOrientationPortraitUpsideDown UIInterfaceOrientationLandscapeLeft UIInterfaceOrientationLandscapeRight";
				INFOPLIST_KEY_UISupportedInterfaceOrientations_iPhone = "UIInterfaceOrientationPortrait UIInterfaceOrientationLandscapeLeft UIInterfaceOrientationLandscapeRight";
				LD_RUNPATH_SEARCH_PATHS = (
					"$(inherited)",
					"@executable_path/Frameworks",
				);
				MARKETING_VERSION = 1.0;
				PRODUCT_BUNDLE_IDENTIFIER = com.kyh.NeversitupCodeTest;
				PRODUCT_NAME = "$(TARGET_NAME)";
				SWIFT_EMIT_LOC_STRINGS = YES;
				SWIFT_VERSION = 5.0;
				TARGETED_DEVICE_FAMILY = "1,2";
			};
			name = Release;
		};
		67874D9A28D87B9000726F22 /* Debug */ = {
			isa = XCBuildConfiguration;
			buildSettings = {
				ALWAYS_EMBED_SWIFT_STANDARD_LIBRARIES = YES;
				BUNDLE_LOADER = "$(TEST_HOST)";
				CODE_SIGN_STYLE = Automatic;
				CURRENT_PROJECT_VERSION = 1;
				DEVELOPMENT_TEAM = 5J3TB22LH2;
				GENERATE_INFOPLIST_FILE = YES;
				IPHONEOS_DEPLOYMENT_TARGET = 15.5;
				MARKETING_VERSION = 1.0;
				PRODUCT_BUNDLE_IDENTIFIER = com.kyh.NeversitupCodeTestTests;
				PRODUCT_NAME = "$(TARGET_NAME)";
				SWIFT_EMIT_LOC_STRINGS = NO;
				SWIFT_VERSION = 5.0;
				TARGETED_DEVICE_FAMILY = "1,2";
				TEST_HOST = "$(BUILT_PRODUCTS_DIR)/NeversitupCodeTest.app/NeversitupCodeTest";
			};
			name = Debug;
		};
		67874D9B28D87B9000726F22 /* Release */ = {
			isa = XCBuildConfiguration;
			buildSettings = {
				ALWAYS_EMBED_SWIFT_STANDARD_LIBRARIES = YES;
				BUNDLE_LOADER = "$(TEST_HOST)";
				CODE_SIGN_STYLE = Automatic;
				CURRENT_PROJECT_VERSION = 1;
				DEVELOPMENT_TEAM = 5J3TB22LH2;
				GENERATE_INFOPLIST_FILE = YES;
				IPHONEOS_DEPLOYMENT_TARGET = 15.5;
				MARKETING_VERSION = 1.0;
				PRODUCT_BUNDLE_IDENTIFIER = com.kyh.NeversitupCodeTestTests;
				PRODUCT_NAME = "$(TARGET_NAME)";
				SWIFT_EMIT_LOC_STRINGS = NO;
				SWIFT_VERSION = 5.0;
				TARGETED_DEVICE_FAMILY = "1,2";
				TEST_HOST = "$(BUILT_PRODUCTS_DIR)/NeversitupCodeTest.app/NeversitupCodeTest";
			};
			name = Release;
		};
		67874D9D28D87B9000726F22 /* Debug */ = {
			isa = XCBuildConfiguration;
			buildSettings = {
				ALWAYS_EMBED_SWIFT_STANDARD_LIBRARIES = YES;
				CODE_SIGN_STYLE = Automatic;
				CURRENT_PROJECT_VERSION = 1;
				DEVELOPMENT_TEAM = 5J3TB22LH2;
				GENERATE_INFOPLIST_FILE = YES;
				MARKETING_VERSION = 1.0;
				PRODUCT_BUNDLE_IDENTIFIER = com.kyh.NeversitupCodeTestUITests;
				PRODUCT_NAME = "$(TARGET_NAME)";
				SWIFT_EMIT_LOC_STRINGS = NO;
				SWIFT_VERSION = 5.0;
				TARGETED_DEVICE_FAMILY = "1,2";
				TEST_TARGET_NAME = NeversitupCodeTest;
			};
			name = Debug;
		};
		67874D9E28D87B9000726F22 /* Release */ = {
			isa = XCBuildConfiguration;
			buildSettings = {
				ALWAYS_EMBED_SWIFT_STANDARD_LIBRARIES = YES;
				CODE_SIGN_STYLE = Automatic;
				CURRENT_PROJECT_VERSION = 1;
				DEVELOPMENT_TEAM = 5J3TB22LH2;
				GENERATE_INFOPLIST_FILE = YES;
				MARKETING_VERSION = 1.0;
				PRODUCT_BUNDLE_IDENTIFIER = com.kyh.NeversitupCodeTestUITests;
				PRODUCT_NAME = "$(TARGET_NAME)";
				SWIFT_EMIT_LOC_STRINGS = NO;
				SWIFT_VERSION = 5.0;
				TARGETED_DEVICE_FAMILY = "1,2";
				TEST_TARGET_NAME = NeversitupCodeTest;
			};
			name = Release;
		};
/* End XCBuildConfiguration section */

/* Begin XCConfigurationList section */
		67874D6728D87B8700726F22 /* Build configuration list for PBXProject "NeversitupCodeTest" */ = {
			isa = XCConfigurationList;
			buildConfigurations = (
				67874D9428D87B9000726F22 /* Debug */,
				67874D9528D87B9000726F22 /* Release */,
			);
			defaultConfigurationIsVisible = 0;
			defaultConfigurationName = Release;
		};
		67874D9628D87B9000726F22 /* Build configuration list for PBXNativeTarget "NeversitupCodeTest" */ = {
			isa = XCConfigurationList;
			buildConfigurations = (
				67874D9728D87B9000726F22 /* Debug */,
				67874D9828D87B9000726F22 /* Release */,
			);
			defaultConfigurationIsVisible = 0;
			defaultConfigurationName = Release;
		};
		67874D9928D87B9000726F22 /* Build configuration list for PBXNativeTarget "NeversitupCodeTestTests" */ = {
			isa = XCConfigurationList;
			buildConfigurations = (
				67874D9A28D87B9000726F22 /* Debug */,
				67874D9B28D87B9000726F22 /* Release */,
			);
			defaultConfigurationIsVisible = 0;
			defaultConfigurationName = Release;
		};
		67874D9C28D87B9000726F22 /* Build configuration list for PBXNativeTarget "NeversitupCodeTestUITests" */ = {
			isa = XCConfigurationList;
			buildConfigurations = (
				67874D9D28D87B9000726F22 /* Debug */,
				67874D9E28D87B9000726F22 /* Release */,
			);
			defaultConfigurationIsVisible = 0;
			defaultConfigurationName = Release;
		};
/* End XCConfigurationList section */
	};
	rootObject = 67874D6428D87B8700726F22 /* Project object */;
}
